# This file is automatically @generated by Poetry 1.4.2 and should not be changed by hand.

[[package]]
name = "dynaconf"
version = "3.1.12"
description = "The dynamic configurator for your Python Project"
category = "main"
optional = false
python-versions = ">=3.8"
files = [
    {file = "dynaconf-3.1.12-py2.py3-none-any.whl", hash = "sha256:a79d7b3ad4a35af9b576c49f11cd3b23a1b04b87b63a4e9f92cc82f2b0cafeeb"},
    {file = "dynaconf-3.1.12.tar.gz", hash = "sha256:11a60bcd735f82b8a47b288f99e4ffbbd08c6c130a7be93c5d03e93fc260a5e1"},
]

[package.extras]
all = ["configobj", "hvac", "redis", "ruamel.yaml"]
configobj = ["configobj"]
ini = ["configobj"]
redis = ["redis"]
test = ["codecov", "configobj", "django", "flake8", "flake8-debugger", "flake8-print", "flake8-todo", "flask (>=0.12)", "hvac", "pep8-naming", "pytest", "pytest-cov", "pytest-mock", "pytest-xdist", "python-dotenv", "radon", "redis", "toml"]
toml = ["toml"]
vault = ["hvac"]
yaml = ["ruamel.yaml"]

[metadata]
lock-version = "2.0"
python-versions = "^3.11"
content-hash = "55904a6e72eb5746769147ea1844c177df4b73519ce149f925d5e2bde2399c62"
